{
  "object": {
    "pins": [
      {
        "package": "SPConfetti",
        "repositoryURL": "https://github.com/ivanvorobei/SPConfetti",
        "state": {
          "branch": null,
          "revision": "d69f9a52bd0783ebea3171179f6a7192b35d8cd1",
          "version": "1.1.0"
        }
      }
    ]
  },
  "version": 1
}
